github.com/gen2brain/go-fitz v1.20.2 h1:4FPJCU/ImQ32oojBsYn/+oTkRORxbAhAA+Yw1Fm97MA=
github.com/gen2brain/go-fitz v1.20.2/go.mod h1:YbQPODTC/UnQ/RK4JyD3zfpDQ19UKiV85nMMT3XpT0s=
github.com/google/go-cmp v0.5.9 h1:O2Tfq5qg4qc4AmwVlvv0oLiVAGB7enBSJ2x2DqQFi38=
github.com/google/go-cmp v0.5.9/go.mod h1:17dUlkBOakJ0+DkrSSNjCkIjxS6bF9zb3elmeNGIjoY=
